{
  "meteor": {
    "git": "https://github.com/meteor/meteor.git",
    "tag": "v0.5.2",
    "commit": "6635ae1007c18690757f3a3106e92ebe241af9b8"
  },
  "dependencies": {
    "basePackages": {
      "router": {
        "version": "0.3.4"
      },
      "form2js": {
        "version": "2.0.0"
      },
      "select2": {
        "version": "3.2.0r1"
      }
    },
    "packages": {
      "router": {
        "git": "https://github.com/tmeasday/meteor-router.git",
        "tag": "v0.3.4",
        "commit": "8f0d5303de5b93771e91f21f818be27358c2fb30"
      },
      "form2js": {
        "git": "https://github.com/rithis/meteor-form2js",
        "tag": "v2.0.0",
        "commit": "23789b8f033af0231bc18de05683c034e28540ba"
      },
      "select2": {
        "git": "https://github.com/rithis/meteor-select2",
        "tag": "v3.2.0r1",
        "commit": "9e42e96facea43712374832e88aac6b21926ac90"
      },
      "page-js": {
        "git": "https://github.com/tmeasday/meteor-page-js.git",
        "tag": "v1.3.1",
        "commit": "ee0b651869928abe50b5d06d7f32ccd2e657883a"
      }
    }
  }
}
